
Microsoft Visual Studio Solution File, Format Version 12.00
# Visual Studio 11
Project("{8BC9CEB8-8B4A-11D0-8D11-00A0C91BC942}") = "compiler", "compiler\projects\vs11\compiler.vcxproj", "{90276707-7A3A-0FC8-01E1-B1D81BFE164B}"
EndProject
Project("{2150E333-8FDC-42A3-9474-1A3956D46DE8}") = "Solution Items", "Solution Items", "{9BF2B88D-034B-472C-A4DD-2E75FE67CFB7}"
	ProjectSection(SolutionItems) = preProject
		README.txt = README.txt
		TODO.txt = TODO.txt
	EndProjectSection
EndProject
Project("{2150E333-8FDC-42A3-9474-1A3956D46DE8}") = "test_programs", "test_programs", "{93D89A7E-5475-491F-AE76-7227A72CBE8D}"
	ProjectSection(SolutionItems) = preProject
		entrypoint.u = entrypoint.u
		missingentrypoint.u = missingentrypoint.u
		test.u = test.u
	EndProjectSection
EndProject
Global
	GlobalSection(SolutionConfigurationPlatforms) = preSolution
		Debug|Win32 = Debug|Win32
		Release|Win32 = Release|Win32
	EndGlobalSection
	GlobalSection(ProjectConfigurationPlatforms) = postSolution
		{90276707-7A3A-0FC8-01E1-B1D81BFE164B}.Debug|Win32.ActiveCfg = Debug|Win32
		{90276707-7A3A-0FC8-01E1-B1D81BFE164B}.Debug|Win32.Build.0 = Debug|Win32
		{90276707-7A3A-0FC8-01E1-B1D81BFE164B}.Release|Win32.ActiveCfg = Release|Win32
		{90276707-7A3A-0FC8-01E1-B1D81BFE164B}.Release|Win32.Build.0 = Release|Win32
	EndGlobalSection
	GlobalSection(SolutionProperties) = preSolution
		HideSolutionNode = FALSE
	EndGlobalSection
	GlobalSection(NestedProjects) = preSolution
		{93D89A7E-5475-491F-AE76-7227A72CBE8D} = {9BF2B88D-034B-472C-A4DD-2E75FE67CFB7}
	EndGlobalSection
EndGlobal
