<?xml version="1.0" encoding="utf-8"?>
<Project ToolsVersion="4.0" xmlns="http://schemas.microsoft.com/developer/msbuild/2003">
  <ItemGroup>
    <Filter Include="Source Files">
      <UniqueIdentifier>{4FC737F1-C7A5-4376-A066-2A32D752A2FF}</UniqueIdentifier>
      <Extensions>cpp;c;cc;cxx;def;odl;idl;hpj;bat;asm;asmx</Extensions>
    </Filter>
    <Filter Include="Header Files">
      <UniqueIdentifier>{93995380-89BD-4b04-88EB-625FBE52EBFB}</UniqueIdentifier>
      <Extensions>h;hpp;hxx;hm;inl;inc;xsd</Extensions>
    </Filter>
    <Filter Include="Resource Files">
      <UniqueIdentifier>{67DA6AB6-F800-4c08-8B7A-83BB121AAD01}</UniqueIdentifier>
      <Extensions>rc;ico;cur;bmp;dlg;rc2;rct;bin;rgs;gif;jpg;jpeg;jpe;resx;tiff;tif;png;wav;mfcribbon-ms</Extensions>
    </Filter>
  </ItemGroup>
  <ItemGroup>
    <ClCompile Include="..\..\src\main.cpp">
      <Filter>Source Files</Filter>
    </ClCompile>
  </ItemGroup>
  <ItemGroup>
    <None Include="..\..\code\fail_accessing_non_existant_function.u">
      <Filter>Resource Files</Filter>
    </None>
    <None Include="..\..\code\fail_accessing_non_existant_local_variable.u">
      <Filter>Resource Files</Filter>
    </None>
    <None Include="..\..\code\fail_duplicate_function_name.u">
      <Filter>Resource Files</Filter>
    </None>
    <None Include="..\..\code\fail_duplicate_parameter_name.u">
      <Filter>Resource Files</Filter>
    </None>
    <None Include="..\..\code\fail_duplicate_variable_name.u">
      <Filter>Resource Files</Filter>
    </None>
    <None Include="..\..\code\fail_higherorder_function_type_mismatch.u">
      <Filter>Resource Files</Filter>
    </None>
    <None Include="..\..\code\fail_int_initialization_list_too_long.u">
      <Filter>Resource Files</Filter>
    </None>
    <None Include="..\..\code\fail_literal_float_parameter_type_mismatch.u">
      <Filter>Resource Files</Filter>
    </None>
    <None Include="..\..\code\fail_literal_int_parameter_type_mismatch.u">
      <Filter>Resource Files</Filter>
    </None>
    <None Include="..\..\code\fail_mismatch_chained_assignment.u">
      <Filter>Resource Files</Filter>
    </None>
    <None Include="..\..\code\fail_missing_function_identifier.u">
      <Filter>Resource Files</Filter>
    </None>
    <None Include="..\..\code\fail_missing_variable_definition_type.u">
      <Filter>Resource Files</Filter>
    </None>
    <None Include="..\..\code\fail_use_of_variable_before_its_definition.u">
      <Filter>Resource Files</Filter>
    </None>
    <None Include="..\..\code\fail_variable_shadowing_function.u">
      <Filter>Resource Files</Filter>
    </None>
    <None Include="..\..\code\fail_variable_shadowing_keyword.u">
      <Filter>Resource Files</Filter>
    </None>
    <None Include="..\..\code\fail_write_to_non_mutable_variable.u">
      <Filter>Resource Files</Filter>
    </None>
    <None Include="..\..\code\pass_chained_assignment.u">
      <Filter>Resource Files</Filter>
    </None>
    <None Include="..\..\code\pass_int_empty_initialization_list_const.u">
      <Filter>Resource Files</Filter>
    </None>
    <None Include="..\..\code\pass_int_empty_initialization_list_nonconst.u">
      <Filter>Resource Files</Filter>
    </None>
    <None Include="..\..\code\pass_int_initialization_list_const.u">
      <Filter>Resource Files</Filter>
    </None>
    <None Include="..\..\code\pass_int_initialization_list_nonconst.u">
      <Filter>Resource Files</Filter>
    </None>
    <None Include="..\..\code\pass_missing_return_variable_name.u">
      <Filter>Resource Files</Filter>
    </None>
    <None Include="..\..\code\fail_variable_shadowing_variable_different_type.u">
      <Filter>Resource Files</Filter>
    </None>
    <None Include="..\..\code\fail_variable_shadowing_variable_same_type.u">
      <Filter>Resource Files</Filter>
    </None>
    <None Include="..\..\code\pass_operator_combined_assignment_addition.u">
      <Filter>Resource Files</Filter>
    </None>
    <None Include="..\..\code\pass_operator_combined_assignment_bit_and.u">
      <Filter>Resource Files</Filter>
    </None>
    <None Include="..\..\code\pass_operator_combined_assignment_bit_or.u">
      <Filter>Resource Files</Filter>
    </None>
    <None Include="..\..\code\pass_operator_combined_assignment_bit_xor.u">
      <Filter>Resource Files</Filter>
    </None>
    <None Include="..\..\code\pass_operator_combined_assignment_division.u">
      <Filter>Resource Files</Filter>
    </None>
    <None Include="..\..\code\pass_operator_combined_assignment_multiplication.u">
      <Filter>Resource Files</Filter>
    </None>
    <None Include="..\..\code\pass_operator_combined_assignment_shift_left.u">
      <Filter>Resource Files</Filter>
    </None>
    <None Include="..\..\code\pass_operator_combined_assignment_shift_right.u">
      <Filter>Resource Files</Filter>
    </None>
    <None Include="..\..\code\pass_operator_combined_assignment_subtraction.u">
      <Filter>Resource Files</Filter>
    </None>
    <None Include="..\..\code\pass_operator_decrement.u">
      <Filter>Resource Files</Filter>
    </None>
    <None Include="..\..\code\pass_operator_increment.u">
      <Filter>Resource Files</Filter>
    </None>
    <None Include="..\..\code\pass_operator_not.u">
      <Filter>Resource Files</Filter>
    </None>
    <None Include="..\..\code\pass_operator_combined_assignment_mod.u">
      <Filter>Resource Files</Filter>
    </None>
    <None Include="..\..\code\pass_operator_compl.u">
      <Filter>Resource Files</Filter>
    </None>
    <None Include="..\..\code\pass_boolean_type.u">
      <Filter>Resource Files</Filter>
    </None>
  </ItemGroup>
</Project>