<?xml version="1.0" encoding="utf-8"?>
<Project ToolsVersion="4.0" xmlns="http://schemas.microsoft.com/developer/msbuild/2003">
  <ItemGroup>
    <Filter Include="Source Files">
      <UniqueIdentifier>{4FC737F1-C7A5-4376-A066-2A32D752A2FF}</UniqueIdentifier>
      <Extensions>cpp;c;cc;cxx;def;odl;idl;hpj;bat;asm;asmx</Extensions>
    </Filter>
    <Filter Include="Header Files">
      <UniqueIdentifier>{93995380-89BD-4b04-88EB-625FBE52EBFB}</UniqueIdentifier>
      <Extensions>h;hpp;hxx;hm;inl;inc;xsd</Extensions>
    </Filter>
    <Filter Include="Resource Files">
      <UniqueIdentifier>{67DA6AB6-F800-4c08-8B7A-83BB121AAD01}</UniqueIdentifier>
      <Extensions>rc;ico;cur;bmp;dlg;rc2;rct;bin;rgs;gif;jpg;jpeg;jpe;resx;tiff;tif;png;wav;mfcribbon-ms</Extensions>
    </Filter>
    <Filter Include="Source Files\parser">
      <UniqueIdentifier>{659a67e5-9d39-4a46-b5bf-e5360eadbb8b}</UniqueIdentifier>
    </Filter>
    <Filter Include="Header Files\parser">
      <UniqueIdentifier>{e6e42224-c903-4eb7-b05b-4e72684774c1}</UniqueIdentifier>
    </Filter>
    <Filter Include="Header Files\code_generator">
      <UniqueIdentifier>{387486bc-e23d-4bd2-ba00-8a5e06243638}</UniqueIdentifier>
    </Filter>
    <Filter Include="Source Files\code_generator">
      <UniqueIdentifier>{5bb0e2d7-f6ea-407e-90e0-7e0e972c7411}</UniqueIdentifier>
    </Filter>
    <Filter Include="Source Files\parser\grammar">
      <UniqueIdentifier>{1063f36e-2773-4a14-9d66-95b84052e5eb}</UniqueIdentifier>
    </Filter>
    <Filter Include="Header Files\parser\grammar">
      <UniqueIdentifier>{db27c86c-b512-4808-ba37-1f6c4fe1ae4f}</UniqueIdentifier>
    </Filter>
    <Filter Include="Header Files\log">
      <UniqueIdentifier>{3cccf860-330c-499d-afd0-a5f9ac9a2f8d}</UniqueIdentifier>
    </Filter>
    <Filter Include="Source Files\log">
      <UniqueIdentifier>{20f255e8-8b44-4494-ab37-f07ef4a6bb52}</UniqueIdentifier>
    </Filter>
    <Filter Include="Header Files\ast">
      <UniqueIdentifier>{dc0ee6fa-4300-41b5-b0f1-b8c72c27ed89}</UniqueIdentifier>
    </Filter>
    <Filter Include="Source Files\ast">
      <UniqueIdentifier>{586ed543-07ff-499a-8f63-d32b83276ac5}</UniqueIdentifier>
    </Filter>
    <Filter Include="Source Files\code_generator\statements">
      <UniqueIdentifier>{0f74d492-21c9-4c90-8c21-4e8f6b887cae}</UniqueIdentifier>
    </Filter>
    <Filter Include="Source Files\code_generator\expressions">
      <UniqueIdentifier>{26a76f87-f39a-4d3a-893a-4ec32cf15e88}</UniqueIdentifier>
    </Filter>
    <Filter Include="Source Files\code_generator\functions">
      <UniqueIdentifier>{eb57754a-34e2-407a-944e-267230a7b812}</UniqueIdentifier>
    </Filter>
    <Filter Include="Header Files\lexer">
      <UniqueIdentifier>{18430320-9369-47c0-ab09-580b7b68a97a}</UniqueIdentifier>
    </Filter>
    <Filter Include="Source Files\lexer">
      <UniqueIdentifier>{cc3bb155-a44f-4662-a8bf-05542b6e24b5}</UniqueIdentifier>
    </Filter>
  </ItemGroup>
  <ItemGroup>
    <ClCompile Include="..\..\src\main.cpp">
      <Filter>Source Files</Filter>
    </ClCompile>
    <ClCompile Include="..\..\src\parser\parser.cpp">
      <Filter>Source Files\parser</Filter>
    </ClCompile>
    <ClCompile Include="..\..\src\code_generator\code_generator.cpp">
      <Filter>Source Files\code_generator</Filter>
    </ClCompile>
    <ClCompile Include="..\..\src\log\log.cpp">
      <Filter>Source Files\log</Filter>
    </ClCompile>
    <ClCompile Include="..\..\src\code_generator\statments\assignment.cpp">
      <Filter>Source Files\code_generator\statements</Filter>
    </ClCompile>
    <ClCompile Include="..\..\src\code_generator\statments\if.cpp">
      <Filter>Source Files\code_generator\statements</Filter>
    </ClCompile>
    <ClCompile Include="..\..\src\code_generator\variable_definition.cpp">
      <Filter>Source Files\code_generator</Filter>
    </ClCompile>
    <ClCompile Include="..\..\src\code_generator\statments\statement.cpp">
      <Filter>Source Files\code_generator\statements</Filter>
    </ClCompile>
    <ClCompile Include="..\..\src\code_generator\expressions\function_call.cpp">
      <Filter>Source Files\code_generator\expressions</Filter>
    </ClCompile>
    <ClCompile Include="..\..\src\code_generator\expressions\expression.cpp">
      <Filter>Source Files\code_generator\expressions</Filter>
    </ClCompile>
    <ClCompile Include="..\..\src\code_generator\expressions\unary.cpp">
      <Filter>Source Files\code_generator\expressions</Filter>
    </ClCompile>
    <ClCompile Include="..\..\src\code_generator\expressions\identifier.cpp">
      <Filter>Source Files\code_generator\expressions</Filter>
    </ClCompile>
    <ClCompile Include="..\..\src\code_generator\expressions\basic_types.cpp">
      <Filter>Source Files\code_generator\expressions</Filter>
    </ClCompile>
    <ClCompile Include="..\..\src\code_generator\statments\while.cpp">
      <Filter>Source Files\code_generator\statements</Filter>
    </ClCompile>
    <ClCompile Include="..\..\src\code_generator\functions\function_declaration.cpp">
      <Filter>Source Files\code_generator\functions</Filter>
    </ClCompile>
    <ClCompile Include="..\..\src\code_generator\functions\function_definition.cpp">
      <Filter>Source Files\code_generator\functions</Filter>
    </ClCompile>
    <ClCompile Include="..\..\src\ast\statement_ast .cpp">
      <Filter>Source Files\ast</Filter>
    </ClCompile>
    <ClCompile Include="..\..\src\ast\identifier_ast.cpp">
      <Filter>Source Files\ast</Filter>
    </ClCompile>
    <ClCompile Include="..\..\src\ast\function_ast.cpp">
      <Filter>Source Files\ast</Filter>
    </ClCompile>
    <ClCompile Include="..\..\src\ast\epression_ast.cpp">
      <Filter>Source Files\ast</Filter>
    </ClCompile>
    <ClCompile Include="..\..\src\ast\ast.cpp">
      <Filter>Source Files\ast</Filter>
    </ClCompile>
    <ClCompile Include="..\..\src\parser\grammar\expression_grammar.cpp">
      <Filter>Source Files\parser\grammar</Filter>
    </ClCompile>
    <ClCompile Include="..\..\src\parser\grammar\function_grammar.cpp">
      <Filter>Source Files\parser\grammar</Filter>
    </ClCompile>
    <ClCompile Include="..\..\src\parser\grammar\grammar.cpp">
      <Filter>Source Files\parser\grammar</Filter>
    </ClCompile>
    <ClCompile Include="..\..\src\parser\grammar\identifier_grammar.cpp">
      <Filter>Source Files\parser\grammar</Filter>
    </ClCompile>
    <ClCompile Include="..\..\src\parser\grammar\statement_grammar.cpp">
      <Filter>Source Files\parser\grammar</Filter>
    </ClCompile>
    <ClCompile Include="..\..\src\lexer\lexer.cpp">
      <Filter>Source Files\lexer</Filter>
    </ClCompile>
  </ItemGroup>
  <ItemGroup>
    <ClInclude Include="..\..\src\parser\parser.hpp">
      <Filter>Header Files\parser</Filter>
    </ClInclude>
    <ClInclude Include="..\..\src\parser\annotation.hpp">
      <Filter>Header Files\parser</Filter>
    </ClInclude>
    <ClInclude Include="..\..\src\parser\error_handler.hpp">
      <Filter>Header Files\parser</Filter>
    </ClInclude>
    <ClInclude Include="..\..\src\code_generator\code_generator.hpp">
      <Filter>Header Files\code_generator</Filter>
    </ClInclude>
    <ClInclude Include="..\..\src\parser\grammar\function_grammar.hpp">
      <Filter>Header Files\parser\grammar</Filter>
    </ClInclude>
    <ClInclude Include="..\..\src\parser\grammar\identifier_grammar.hpp">
      <Filter>Header Files\parser\grammar</Filter>
    </ClInclude>
    <ClInclude Include="..\..\src\parser\grammar\statement_grammar.hpp">
      <Filter>Header Files\parser\grammar</Filter>
    </ClInclude>
    <ClInclude Include="..\..\src\parser\grammar\expression_grammar.hpp">
      <Filter>Header Files\parser\grammar</Filter>
    </ClInclude>
    <ClInclude Include="..\..\src\parser\spirit.hpp">
      <Filter>Header Files\parser</Filter>
    </ClInclude>
    <ClInclude Include="..\..\src\log\log.hpp">
      <Filter>Header Files\log</Filter>
    </ClInclude>
    <ClInclude Include="..\..\src\ast\ast.hpp">
      <Filter>Header Files\ast</Filter>
    </ClInclude>
    <ClInclude Include="..\..\src\ast\expression_ast.hpp">
      <Filter>Header Files\ast</Filter>
    </ClInclude>
    <ClInclude Include="..\..\src\ast\identifier_ast.hpp">
      <Filter>Header Files\ast</Filter>
    </ClInclude>
    <ClInclude Include="..\..\src\ast\function_ast.hpp">
      <Filter>Header Files\ast</Filter>
    </ClInclude>
    <ClInclude Include="..\..\src\ast\statement_ast.hpp">
      <Filter>Header Files\ast</Filter>
    </ClInclude>
    <ClInclude Include="..\..\src\parser\grammar\grammar.hpp">
      <Filter>Header Files\parser\grammar</Filter>
    </ClInclude>
    <ClInclude Include="..\..\src\ast\ast_base.hpp">
      <Filter>Header Files\ast</Filter>
    </ClInclude>
    <ClInclude Include="..\..\src\lexer\lexer.hpp">
      <Filter>Header Files\lexer</Filter>
    </ClInclude>
    <ClInclude Include="..\..\src\lexer\ids.hpp">
      <Filter>Header Files\lexer</Filter>
    </ClInclude>
    <ClInclude Include="..\..\src\parser\grammar\expression_grammar_def.hpp">
      <Filter>Header Files\parser\grammar</Filter>
    </ClInclude>
    <ClInclude Include="..\..\src\parser\grammar\function_grammar_def.hpp">
      <Filter>Header Files\parser\grammar</Filter>
    </ClInclude>
    <ClInclude Include="..\..\src\parser\grammar\grammar_def.hpp">
      <Filter>Header Files\parser\grammar</Filter>
    </ClInclude>
    <ClInclude Include="..\..\src\parser\grammar\identifier_grammar_def.hpp">
      <Filter>Header Files\parser\grammar</Filter>
    </ClInclude>
    <ClInclude Include="..\..\src\parser\grammar\statement_grammar_def.hpp">
      <Filter>Header Files\parser\grammar</Filter>
    </ClInclude>
    <ClInclude Include="..\..\src\lexer\lexer_def.hpp">
      <Filter>Header Files\lexer</Filter>
    </ClInclude>
  </ItemGroup>
</Project>